
Microsoft Visual Studio Solution File, Format Version 12.00
# Visual Studio 2013
VisualStudioVersion = 12.0.21005.1
MinimumVisualStudioVersion = 10.0.40219.1
Project("{8BC9CEB8-8B4A-11D0-8D11-00A0C91BC942}") = "Зарплата", "Зарплата\Зарплата.vcxproj", "{9664192A-438F-4E42-B6D8-19617391F652}"
EndProject
Global
	GlobalSection(SolutionConfigurationPlatforms) = preSolution
		Debug|Win32 = Debug|Win32
		Release|Win32 = Release|Win32
	EndGlobalSection
	GlobalSection(ProjectConfigurationPlatforms) = postSolution
		{9664192A-438F-4E42-B6D8-19617391F652}.Debug|Win32.ActiveCfg = Debug|Win32
		{9664192A-438F-4E42-B6D8-19617391F652}.Debug|Win32.Build.0 = Debug|Win32
		{9664192A-438F-4E42-B6D8-19617391F652}.Release|Win32.ActiveCfg = Release|Win32
		{9664192A-438F-4E42-B6D8-19617391F652}.Release|Win32.Build.0 = Release|Win32
	EndGlobalSection
	GlobalSection(SolutionProperties) = preSolution
		HideSolutionNode = FALSE
	EndGlobalSection
EndGlobal
